
Microsoft Visual Studio Solution File, Format Version 12.00
# Visual Studio Version 17
VisualStudioVersion = 17.0.31903.59
MinimumVisualStudioVersion = 10.0.40219.1
Project("{FAE04EC0-301F-11D3-BF4B-00C04F79EFBC}") = "Cf.Dotnet.EntityFramework.Parte1", "parte-1\Cf.Dotnet.EntityFramework.Parte1.csproj", "{9C8A1DD3-DFFB-4D8A-9547-B7C5C1D39AD3}"
EndProject
Project("{FAE04EC0-301F-11D3-BF4B-00C04F79EFBC}") = "Cf.Dotnet.EntityFramework.Parte2", "parte-2\Cf.Dotnet.EntityFramework.Parte2.csproj", "{50783D1E-B33D-4656-A4AC-2B09F77FEC3A}"
EndProject
Project("{FAE04EC0-301F-11D3-BF4B-00C04F79EFBC}") = "Cf.Dotnet.EntityFramework.Parte3", "parte-3\Cf.Dotnet.EntityFramework.Parte3.csproj", "{27352266-6AC2-4931-9FAF-E2CC12735D5E}"
EndProject
Project("{FAE04EC0-301F-11D3-BF4B-00C04F79EFBC}") = "Cf.Dotnet.EntityFramework.Parte4", "parte-4\Cf.Dotnet.EntityFramework.Parte4.csproj", "{599021DB-1FF7-4966-A92D-43779421E507}"
EndProject
Project("{FAE04EC0-301F-11D3-BF4B-00C04F79EFBC}") = "Cf.Dotnet.EntityFramework.Parte5", "parte-5\Cf.Dotnet.EntityFramework.Parte5.csproj", "{A373BA5B-ABC4-4D76-B352-9A7E8B6B13FF}"
EndProject
Project("{FAE04EC0-301F-11D3-BF4B-00C04F79EFBC}") = "Cf.Dotnet.EntityFramework.Parte2Extra", "parte-2-extra\Cf.Dotnet.EntityFramework.Parte2Extra.csproj", "{7AED4794-F93F-41CC-9666-53B264370100}"
EndProject
Global
	GlobalSection(SolutionConfigurationPlatforms) = preSolution
		Debug|Any CPU = Debug|Any CPU
		Release|Any CPU = Release|Any CPU
	EndGlobalSection
	GlobalSection(SolutionProperties) = preSolution
		HideSolutionNode = FALSE
	EndGlobalSection
	GlobalSection(ProjectConfigurationPlatforms) = postSolution
		{9C8A1DD3-DFFB-4D8A-9547-B7C5C1D39AD3}.Debug|Any CPU.ActiveCfg = Debug|Any CPU
		{9C8A1DD3-DFFB-4D8A-9547-B7C5C1D39AD3}.Debug|Any CPU.Build.0 = Debug|Any CPU
		{9C8A1DD3-DFFB-4D8A-9547-B7C5C1D39AD3}.Release|Any CPU.ActiveCfg = Release|Any CPU
		{9C8A1DD3-DFFB-4D8A-9547-B7C5C1D39AD3}.Release|Any CPU.Build.0 = Release|Any CPU
		{50783D1E-B33D-4656-A4AC-2B09F77FEC3A}.Debug|Any CPU.ActiveCfg = Debug|Any CPU
		{50783D1E-B33D-4656-A4AC-2B09F77FEC3A}.Debug|Any CPU.Build.0 = Debug|Any CPU
		{50783D1E-B33D-4656-A4AC-2B09F77FEC3A}.Release|Any CPU.ActiveCfg = Release|Any CPU
		{50783D1E-B33D-4656-A4AC-2B09F77FEC3A}.Release|Any CPU.Build.0 = Release|Any CPU
		{27352266-6AC2-4931-9FAF-E2CC12735D5E}.Debug|Any CPU.ActiveCfg = Debug|Any CPU
		{27352266-6AC2-4931-9FAF-E2CC12735D5E}.Debug|Any CPU.Build.0 = Debug|Any CPU
		{27352266-6AC2-4931-9FAF-E2CC12735D5E}.Release|Any CPU.ActiveCfg = Release|Any CPU
		{27352266-6AC2-4931-9FAF-E2CC12735D5E}.Release|Any CPU.Build.0 = Release|Any CPU
		{599021DB-1FF7-4966-A92D-43779421E507}.Debug|Any CPU.ActiveCfg = Debug|Any CPU
		{599021DB-1FF7-4966-A92D-43779421E507}.Debug|Any CPU.Build.0 = Debug|Any CPU
		{599021DB-1FF7-4966-A92D-43779421E507}.Release|Any CPU.ActiveCfg = Release|Any CPU
		{599021DB-1FF7-4966-A92D-43779421E507}.Release|Any CPU.Build.0 = Release|Any CPU
		{A373BA5B-ABC4-4D76-B352-9A7E8B6B13FF}.Debug|Any CPU.ActiveCfg = Debug|Any CPU
		{A373BA5B-ABC4-4D76-B352-9A7E8B6B13FF}.Debug|Any CPU.Build.0 = Debug|Any CPU
		{A373BA5B-ABC4-4D76-B352-9A7E8B6B13FF}.Release|Any CPU.ActiveCfg = Release|Any CPU
		{A373BA5B-ABC4-4D76-B352-9A7E8B6B13FF}.Release|Any CPU.Build.0 = Release|Any CPU
		{7AED4794-F93F-41CC-9666-53B264370100}.Debug|Any CPU.ActiveCfg = Debug|Any CPU
		{7AED4794-F93F-41CC-9666-53B264370100}.Debug|Any CPU.Build.0 = Debug|Any CPU
		{7AED4794-F93F-41CC-9666-53B264370100}.Release|Any CPU.ActiveCfg = Release|Any CPU
		{7AED4794-F93F-41CC-9666-53B264370100}.Release|Any CPU.Build.0 = Release|Any CPU
	EndGlobalSection
EndGlobal
